
Microsoft Visual Studio Solution File, Format Version 12.00
# Visual Studio 15
VisualStudioVersion = 15.0.26730.12
MinimumVisualStudioVersion = 10.0.40219.1
Project("{8BC9CEB8-8B4A-11D0-8D11-00A0C91BC942}") = "CircleClass", "CircleClass\CircleClass.vcxproj", "{80C8ED94-78FC-4AE2-83B9-E97677C987CE}"
EndProject
Global
	GlobalSection(SolutionConfigurationPlatforms) = preSolution
		Debug|x64 = Debug|x64
		Debug|x86 = Debug|x86
		Release|x64 = Release|x64
		Release|x86 = Release|x86
	EndGlobalSection
	GlobalSection(ProjectConfigurationPlatforms) = postSolution
		{80C8ED94-78FC-4AE2-83B9-E97677C987CE}.Debug|x64.ActiveCfg = Debug|x64
		{80C8ED94-78FC-4AE2-83B9-E97677C987CE}.Debug|x64.Build.0 = Debug|x64
		{80C8ED94-78FC-4AE2-83B9-E97677C987CE}.Debug|x86.ActiveCfg = Debug|Win32
		{80C8ED94-78FC-4AE2-83B9-E97677C987CE}.Debug|x86.Build.0 = Debug|Win32
		{80C8ED94-78FC-4AE2-83B9-E97677C987CE}.Release|x64.ActiveCfg = Release|x64
		{80C8ED94-78FC-4AE2-83B9-E97677C987CE}.Release|x64.Build.0 = Release|x64
		{80C8ED94-78FC-4AE2-83B9-E97677C987CE}.Release|x86.ActiveCfg = Release|Win32
		{80C8ED94-78FC-4AE2-83B9-E97677C987CE}.Release|x86.Build.0 = Release|Win32
	EndGlobalSection
	GlobalSection(SolutionProperties) = preSolution
		HideSolutionNode = FALSE
	EndGlobalSection
	GlobalSection(ExtensibilityGlobals) = postSolution
		SolutionGuid = {5743A108-370F-411D-B450-BA37A6237542}
	EndGlobalSection
EndGlobal
